
Microsoft Visual Studio Solution File, Format Version 12.00
# Visual Studio Version 17
VisualStudioVersion = 17.1.32319.34
MinimumVisualStudioVersion = 10.0.40219.1
Project("{FAE04EC0-301F-11D3-BF4B-00C04F79EFBC}") = "ConsoleApp3", "ConsoleApp3\ConsoleApp3.csproj", "{04F81D0E-A372-433C-A38F-035281AEF342}"
EndProject
Global
	GlobalSection(SolutionConfigurationPlatforms) = preSolution
		Debug|Any CPU = Debug|Any CPU
		Release|Any CPU = Release|Any CPU
	EndGlobalSection
	GlobalSection(ProjectConfigurationPlatforms) = postSolution
		{04F81D0E-A372-433C-A38F-035281AEF342}.Debug|Any CPU.ActiveCfg = Debug|Any CPU
		{04F81D0E-A372-433C-A38F-035281AEF342}.Debug|Any CPU.Build.0 = Debug|Any CPU
		{04F81D0E-A372-433C-A38F-035281AEF342}.Release|Any CPU.ActiveCfg = Release|Any CPU
		{04F81D0E-A372-433C-A38F-035281AEF342}.Release|Any CPU.Build.0 = Release|Any CPU
	EndGlobalSection
	GlobalSection(SolutionProperties) = preSolution
		HideSolutionNode = FALSE
	EndGlobalSection
	GlobalSection(ExtensibilityGlobals) = postSolution
		SolutionGuid = {E5B6A70B-4587-4579-90D9-8DE3099785D8}
	EndGlobalSection
EndGlobal
